// !$*UTF8*$!
{
	archiveVersion = 1;
	classes = {
	};
	objectVersion = 55;
	objects = {

/* Begin PBXBuildFile section */
		4487DCF527C336A300961F08 /* AppDelegate.swift in Sources */ = {isa = PBXBuildFile; fileRef = 4487DCF427C336A300961F08 /* AppDelegate.swift */; };
		4487DCFE27C336A400961F08 /* Assets.xcassets in Resources */ = {isa = PBXBuildFile; fileRef = 4487DCFD27C336A400961F08 /* Assets.xcassets */; };
		4487DD0127C336A400961F08 /* LaunchScreen.storyboard in Resources */ = {isa = PBXBuildFile; fileRef = 4487DCFF27C336A400961F08 /* LaunchScreen.storyboard */; };
		44910CC927C498960075EB7B /* FilmListViewController.swift in Sources */ = {isa = PBXBuildFile; fileRef = 44910CC827C498960075EB7B /* FilmListViewController.swift */; };
		44910CCB27C498A50075EB7B /* FilmListView.swift in Sources */ = {isa = PBXBuildFile; fileRef = 44910CCA27C498A50075EB7B /* FilmListView.swift */; };
		44910CCE27C49F430075EB7B /* API.swift in Sources */ = {isa = PBXBuildFile; fileRef = 44910CCD27C49F430075EB7B /* API.swift */; };
		44910CD227C4A3740075EB7B /* UICollectionView+Extensions.swift in Sources */ = {isa = PBXBuildFile; fileRef = 44910CD127C4A3740075EB7B /* UICollectionView+Extensions.swift */; };
		44910CD927C4A7E00075EB7B /* CategoryListViewController.swift in Sources */ = {isa = PBXBuildFile; fileRef = 44910CD827C4A7E00075EB7B /* CategoryListViewController.swift */; };
		44910CDE27C4AE1C0075EB7B /* CategoryItemViewCell.swift in Sources */ = {isa = PBXBuildFile; fileRef = 44910CDD27C4AE1C0075EB7B /* CategoryItemViewCell.swift */; };
		44910CE127C564980075EB7B /* CategoryListModels.swift in Sources */ = {isa = PBXBuildFile; fileRef = 44910CE027C564980075EB7B /* CategoryListModels.swift */; };
		44910CE927C566470075EB7B /* UIImageView+Extensions.swift in Sources */ = {isa = PBXBuildFile; fileRef = 44910CE827C566470075EB7B /* UIImageView+Extensions.swift */; };
		44910CEB27C56DBA0075EB7B /* GenericCollectionViewConfiguration.swift in Sources */ = {isa = PBXBuildFile; fileRef = 44910CEA27C56DBA0075EB7B /* GenericCollectionViewConfiguration.swift */; };
		44910CED27C575A40075EB7B /* AppRouter.swift in Sources */ = {isa = PBXBuildFile; fileRef = 44910CEC27C575A40075EB7B /* AppRouter.swift */; };
		44910CF027C5782B0075EB7B /* CategoryListRouter.swift in Sources */ = {isa = PBXBuildFile; fileRef = 44910CEF27C5782B0075EB7B /* CategoryListRouter.swift */; };
		44910CF427C578690075EB7B /* CategoryListInteractor.swift in Sources */ = {isa = PBXBuildFile; fileRef = 44910CF327C578690075EB7B /* CategoryListInteractor.swift */; };
		44910CF627C578730075EB7B /* CategoryListPresenter.swift in Sources */ = {isa = PBXBuildFile; fileRef = 44910CF527C578730075EB7B /* CategoryListPresenter.swift */; };
		44910CF827C579B30075EB7B /* CategoryListBuilder.swift in Sources */ = {isa = PBXBuildFile; fileRef = 44910CF727C579B30075EB7B /* CategoryListBuilder.swift */; };
		44910CFB27C57D820075EB7B /* CategoryListLogic.swift in Sources */ = {isa = PBXBuildFile; fileRef = 44910CFA27C57D820075EB7B /* CategoryListLogic.swift */; };
/* End PBXBuildFile section */

/* Begin PBXFileReference section */
		4487DCF127C336A300961F08 /* Risuto.app */ = {isa = PBXFileReference; explicitFileType = wrapper.application; includeInIndex = 0; path = Risuto.app; sourceTree = BUILT_PRODUCTS_DIR; };
		4487DCF427C336A300961F08 /* AppDelegate.swift */ = {isa = PBXFileReference; lastKnownFileType = sourcecode.swift; path = AppDelegate.swift; sourceTree = "<group>"; };
		4487DCFD27C336A400961F08 /* Assets.xcassets */ = {isa = PBXFileReference; lastKnownFileType = folder.assetcatalog; path = Assets.xcassets; sourceTree = "<group>"; };
		4487DD0027C336A400961F08 /* Base */ = {isa = PBXFileReference; lastKnownFileType = file.storyboard; name = Base; path = Base.lproj/LaunchScreen.storyboard; sourceTree = "<group>"; };
		4487DD0227C336A400961F08 /* Info.plist */ = {isa = PBXFileReference; lastKnownFileType = text.plist.xml; path = Info.plist; sourceTree = "<group>"; };
		44910CC827C498960075EB7B /* FilmListViewController.swift */ = {isa = PBXFileReference; lastKnownFileType = sourcecode.swift; path = FilmListViewController.swift; sourceTree = "<group>"; };
		44910CCA27C498A50075EB7B /* FilmListView.swift */ = {isa = PBXFileReference; lastKnownFileType = sourcecode.swift; path = FilmListView.swift; sourceTree = "<group>"; };
		44910CCD27C49F430075EB7B /* API.swift */ = {isa = PBXFileReference; lastKnownFileType = sourcecode.swift; path = API.swift; sourceTree = "<group>"; };
		44910CD127C4A3740075EB7B /* UICollectionView+Extensions.swift */ = {isa = PBXFileReference; lastKnownFileType = sourcecode.swift; path = "UICollectionView+Extensions.swift"; sourceTree = "<group>"; };
		44910CD827C4A7E00075EB7B /* CategoryListViewController.swift */ = {isa = PBXFileReference; lastKnownFileType = sourcecode.swift; path = CategoryListViewController.swift; sourceTree = "<group>"; };
		44910CDD27C4AE1C0075EB7B /* CategoryItemViewCell.swift */ = {isa = PBXFileReference; lastKnownFileType = sourcecode.swift; path = CategoryItemViewCell.swift; sourceTree = "<group>"; };
		44910CE027C564980075EB7B /* CategoryListModels.swift */ = {isa = PBXFileReference; lastKnownFileType = sourcecode.swift; path = CategoryListModels.swift; sourceTree = "<group>"; };
		44910CE827C566470075EB7B /* UIImageView+Extensions.swift */ = {isa = PBXFileReference; lastKnownFileType = sourcecode.swift; path = "UIImageView+Extensions.swift"; sourceTree = "<group>"; };
		44910CEA27C56DBA0075EB7B /* GenericCollectionViewConfiguration.swift */ = {isa = PBXFileReference; lastKnownFileType = sourcecode.swift; path = GenericCollectionViewConfiguration.swift; sourceTree = "<group>"; };
		44910CEC27C575A40075EB7B /* AppRouter.swift */ = {isa = PBXFileReference; lastKnownFileType = sourcecode.swift; path = AppRouter.swift; sourceTree = "<group>"; };
		44910CEF27C5782B0075EB7B /* CategoryListRouter.swift */ = {isa = PBXFileReference; lastKnownFileType = sourcecode.swift; path = CategoryListRouter.swift; sourceTree = "<group>"; };
		44910CF327C578690075EB7B /* CategoryListInteractor.swift */ = {isa = PBXFileReference; lastKnownFileType = sourcecode.swift; path = CategoryListInteractor.swift; sourceTree = "<group>"; };
		44910CF527C578730075EB7B /* CategoryListPresenter.swift */ = {isa = PBXFileReference; lastKnownFileType = sourcecode.swift; path = CategoryListPresenter.swift; sourceTree = "<group>"; };
		44910CF727C579B30075EB7B /* CategoryListBuilder.swift */ = {isa = PBXFileReference; lastKnownFileType = sourcecode.swift; path = CategoryListBuilder.swift; sourceTree = "<group>"; };
		44910CFA27C57D820075EB7B /* CategoryListLogic.swift */ = {isa = PBXFileReference; lastKnownFileType = sourcecode.swift; path = CategoryListLogic.swift; sourceTree = "<group>"; };
/* End PBXFileReference section */

/* Begin PBXFrameworksBuildPhase section */
		4487DCEE27C336A300961F08 /* Frameworks */ = {
			isa = PBXFrameworksBuildPhase;
			buildActionMask = 2147483647;
			files = (
			);
			runOnlyForDeploymentPostprocessing = 0;
		};
/* End PBXFrameworksBuildPhase section */

/* Begin PBXGroup section */
		440D507B27C336E5002B377C /* Sources */ = {
			isa = PBXGroup;
			children = (
				44910CD027C4A3650075EB7B /* Helpers */,
				44910CCC27C49F390075EB7B /* API */,
				44910CC527C4983B0075EB7B /* Scenes */,
				440D508027C3371F002B377C /* Application */,
			);
			path = Sources;
			sourceTree = "<group>";
		};
		440D507C27C336E9002B377C /* Resources */ = {
			isa = PBXGroup;
			children = (
				440D507F27C33710002B377C /* Assets */,
				440D507E27C33702002B377C /* Storyboards */,
				440D507D27C336FE002B377C /* Properties */,
			);
			path = Resources;
			sourceTree = "<group>";
		};
		440D507D27C336FE002B377C /* Properties */ = {
			isa = PBXGroup;
			children = (
				4487DD0227C336A400961F08 /* Info.plist */,
			);
			path = Properties;
			sourceTree = "<group>";
		};
		440D507E27C33702002B377C /* Storyboards */ = {
			isa = PBXGroup;
			children = (
				4487DCFF27C336A400961F08 /* LaunchScreen.storyboard */,
			);
			path = Storyboards;
			sourceTree = "<group>";
		};
		440D507F27C33710002B377C /* Assets */ = {
			isa = PBXGroup;
			children = (
				4487DCFD27C336A400961F08 /* Assets.xcassets */,
			);
			path = Assets;
			sourceTree = "<group>";
		};
		440D508027C3371F002B377C /* Application */ = {
			isa = PBXGroup;
			children = (
				4487DCF427C336A300961F08 /* AppDelegate.swift */,
				44910CEC27C575A40075EB7B /* AppRouter.swift */,
			);
			path = Application;
			sourceTree = "<group>";
		};
		4487DCE827C336A300961F08 = {
			isa = PBXGroup;
			children = (
				4487DCF327C336A300961F08 /* Risuto */,
				4487DCF227C336A300961F08 /* Products */,
				44910CFD27C58F040075EB7B /* Frameworks */,
			);
			sourceTree = "<group>";
		};
		4487DCF227C336A300961F08 /* Products */ = {
			isa = PBXGroup;
			children = (
				4487DCF127C336A300961F08 /* Risuto.app */,
			);
			name = Products;
			sourceTree = "<group>";
		};
		4487DCF327C336A300961F08 /* Risuto */ = {
			isa = PBXGroup;
			children = (
				440D507C27C336E9002B377C /* Resources */,
				440D507B27C336E5002B377C /* Sources */,
			);
			path = Risuto;
			sourceTree = "<group>";
		};
		44910CC527C4983B0075EB7B /* Scenes */ = {
			isa = PBXGroup;
			children = (
				44910CD727C4A7D00075EB7B /* CategoryList */,
				44910CD627C4A7480075EB7B /* VehicleList */,
				44910CD527C4A7350075EB7B /* SpecieList */,
				44910CD427C4A7250075EB7B /* LocationList */,
				44910CD327C4A71E0075EB7B /* PeopleList */,
				44910CC627C4987B0075EB7B /* FilmList */,
			);
			path = Scenes;
			sourceTree = "<group>";
		};
		44910CC627C4987B0075EB7B /* FilmList */ = {
			isa = PBXGroup;
			children = (
				44910CC727C498830075EB7B /* Presentation */,
			);
			path = FilmList;
			sourceTree = "<group>";
		};
		44910CC727C498830075EB7B /* Presentation */ = {
			isa = PBXGroup;
			children = (
				44910CC827C498960075EB7B /* FilmListViewController.swift */,
				44910CCA27C498A50075EB7B /* FilmListView.swift */,
			);
			path = Presentation;
			sourceTree = "<group>";
		};
		44910CCC27C49F390075EB7B /* API */ = {
			isa = PBXGroup;
			children = (
				44910CCD27C49F430075EB7B /* API.swift */,
			);
			path = API;
			sourceTree = "<group>";
		};
		44910CD027C4A3650075EB7B /* Helpers */ = {
			isa = PBXGroup;
			children = (
				44910CD127C4A3740075EB7B /* UICollectionView+Extensions.swift */,
				44910CE827C566470075EB7B /* UIImageView+Extensions.swift */,
				44910CEA27C56DBA0075EB7B /* GenericCollectionViewConfiguration.swift */,
			);
			path = Helpers;
			sourceTree = "<group>";
		};
		44910CD327C4A71E0075EB7B /* PeopleList */ = {
			isa = PBXGroup;
			children = (
			);
			path = PeopleList;
			sourceTree = "<group>";
		};
		44910CD427C4A7250075EB7B /* LocationList */ = {
			isa = PBXGroup;
			children = (
			);
			path = LocationList;
			sourceTree = "<group>";
		};
		44910CD527C4A7350075EB7B /* SpecieList */ = {
			isa = PBXGroup;
			children = (
			);
			path = SpecieList;
			sourceTree = "<group>";
		};
		44910CD627C4A7480075EB7B /* VehicleList */ = {
			isa = PBXGroup;
			children = (
			);
			path = VehicleList;
			sourceTree = "<group>";
		};
		44910CD727C4A7D00075EB7B /* CategoryList */ = {
			isa = PBXGroup;
			children = (
				44910CF927C57D640075EB7B /* Protocols */,
				44910CEE27C578220075EB7B /* Router */,
				44910CDF27C5648F0075EB7B /* Models */,
				44910CF227C5785E0075EB7B /* Interactor */,
				44910CF127C578590075EB7B /* Presenter */,
				44910CE327C565220075EB7B /* View */,
				44910CF727C579B30075EB7B /* CategoryListBuilder.swift */,
			);
			path = CategoryList;
			sourceTree = "<group>";
		};
		44910CDC27C4AE0B0075EB7B /* Cell */ = {
			isa = PBXGroup;
			children = (
				44910CDD27C4AE1C0075EB7B /* CategoryItemViewCell.swift */,
			);
			path = Cell;
			sourceTree = "<group>";
		};
		44910CDF27C5648F0075EB7B /* Models */ = {
			isa = PBXGroup;
			children = (
				44910CE027C564980075EB7B /* CategoryListModels.swift */,
			);
			path = Models;
			sourceTree = "<group>";
		};
		44910CE327C565220075EB7B /* View */ = {
			isa = PBXGroup;
			children = (
				44910CDC27C4AE0B0075EB7B /* Cell */,
				44910CD827C4A7E00075EB7B /* CategoryListViewController.swift */,
			);
			path = View;
			sourceTree = "<group>";
		};
		44910CEE27C578220075EB7B /* Router */ = {
			isa = PBXGroup;
			children = (
				44910CEF27C5782B0075EB7B /* CategoryListRouter.swift */,
			);
			path = Router;
			sourceTree = "<group>";
		};
		44910CF127C578590075EB7B /* Presenter */ = {
			isa = PBXGroup;
			children = (
				44910CF527C578730075EB7B /* CategoryListPresenter.swift */,
			);
			path = Presenter;
			sourceTree = "<group>";
		};
		44910CF227C5785E0075EB7B /* Interactor */ = {
			isa = PBXGroup;
			children = (
				44910CF327C578690075EB7B /* CategoryListInteractor.swift */,
			);
			path = Interactor;
			sourceTree = "<group>";
		};
		44910CF927C57D640075EB7B /* Protocols */ = {
			isa = PBXGroup;
			children = (
				44910CFA27C57D820075EB7B /* CategoryListLogic.swift */,
			);
			path = Protocols;
			sourceTree = "<group>";
		};
		44910CFD27C58F040075EB7B /* Frameworks */ = {
			isa = PBXGroup;
			children = (
			);
			name = Frameworks;
			sourceTree = "<group>";
		};
/* End PBXGroup section */

/* Begin PBXNativeTarget section */
		4487DCF027C336A300961F08 /* Risuto */ = {
			isa = PBXNativeTarget;
			buildConfigurationList = 4487DD0527C336A400961F08 /* Build configuration list for PBXNativeTarget "Risuto" */;
			buildPhases = (
				4487DCED27C336A300961F08 /* Sources */,
				4487DCEE27C336A300961F08 /* Frameworks */,
				4487DCEF27C336A300961F08 /* Resources */,
			);
			buildRules = (
			);
			dependencies = (
			);
			name = Risuto;
			packageProductDependencies = (
			);
			productName = Risuto;
			productReference = 4487DCF127C336A300961F08 /* Risuto.app */;
			productType = "com.apple.product-type.application";
		};
/* End PBXNativeTarget section */

/* Begin PBXProject section */
		4487DCE927C336A300961F08 /* Project object */ = {
			isa = PBXProject;
			attributes = {
				BuildIndependentTargetsInParallel = 1;
				LastSwiftUpdateCheck = 1310;
				LastUpgradeCheck = 1310;
				TargetAttributes = {
					4487DCF027C336A300961F08 = {
						CreatedOnToolsVersion = 13.1;
					};
				};
			};
			buildConfigurationList = 4487DCEC27C336A300961F08 /* Build configuration list for PBXProject "Risuto" */;
			compatibilityVersion = "Xcode 13.0";
			developmentRegion = en;
			hasScannedForEncodings = 0;
			knownRegions = (
				en,
				Base,
			);
			mainGroup = 4487DCE827C336A300961F08;
			productRefGroup = 4487DCF227C336A300961F08 /* Products */;
			projectDirPath = "";
			projectRoot = "";
			targets = (
				4487DCF027C336A300961F08 /* Risuto */,
			);
		};
/* End PBXProject section */

/* Begin PBXResourcesBuildPhase section */
		4487DCEF27C336A300961F08 /* Resources */ = {
			isa = PBXResourcesBuildPhase;
			buildActionMask = 2147483647;
			files = (
				4487DD0127C336A400961F08 /* LaunchScreen.storyboard in Resources */,
				4487DCFE27C336A400961F08 /* Assets.xcassets in Resources */,
			);
			runOnlyForDeploymentPostprocessing = 0;
		};
/* End PBXResourcesBuildPhase section */

/* Begin PBXSourcesBuildPhase section */
		4487DCED27C336A300961F08 /* Sources */ = {
			isa = PBXSourcesBuildPhase;
			buildActionMask = 2147483647;
			files = (
				44910CF627C578730075EB7B /* CategoryListPresenter.swift in Sources */,
				4487DCF527C336A300961F08 /* AppDelegate.swift in Sources */,
				44910CF427C578690075EB7B /* CategoryListInteractor.swift in Sources */,
				44910CEB27C56DBA0075EB7B /* GenericCollectionViewConfiguration.swift in Sources */,
				44910CF027C5782B0075EB7B /* CategoryListRouter.swift in Sources */,
				44910CF827C579B30075EB7B /* CategoryListBuilder.swift in Sources */,
				44910CC927C498960075EB7B /* FilmListViewController.swift in Sources */,
				44910CE127C564980075EB7B /* CategoryListModels.swift in Sources */,
				44910CD227C4A3740075EB7B /* UICollectionView+Extensions.swift in Sources */,
				44910CCE27C49F430075EB7B /* API.swift in Sources */,
				44910CFB27C57D820075EB7B /* CategoryListLogic.swift in Sources */,
				44910CE927C566470075EB7B /* UIImageView+Extensions.swift in Sources */,
				44910CED27C575A40075EB7B /* AppRouter.swift in Sources */,
				44910CDE27C4AE1C0075EB7B /* CategoryItemViewCell.swift in Sources */,
				44910CCB27C498A50075EB7B /* FilmListView.swift in Sources */,
				44910CD927C4A7E00075EB7B /* CategoryListViewController.swift in Sources */,
			);
			runOnlyForDeploymentPostprocessing = 0;
		};
/* End PBXSourcesBuildPhase section */

/* Begin PBXVariantGroup section */
		4487DCFF27C336A400961F08 /* LaunchScreen.storyboard */ = {
			isa = PBXVariantGroup;
			children = (
				4487DD0027C336A400961F08 /* Base */,
			);
			name = LaunchScreen.storyboard;
			sourceTree = "<group>";
		};
/* End PBXVariantGroup section */

/* Begin XCBuildConfiguration section */
		4487DD0327C336A400961F08 /* Debug */ = {
			isa = XCBuildConfiguration;
			buildSettings = {
				ALWAYS_SEARCH_USER_PATHS = NO;
				CLANG_ANALYZER_NONNULL = YES;
				CLANG_ANALYZER_NUMBER_OBJECT_CONVERSION = YES_AGGRESSIVE;
				CLANG_CXX_LANGUAGE_STANDARD = "gnu++17";
				CLANG_CXX_LIBRARY = "libc++";
				CLANG_ENABLE_MODULES = YES;
				CLANG_ENABLE_OBJC_ARC = YES;
				CLANG_ENABLE_OBJC_WEAK = YES;
				CLANG_WARN_BLOCK_CAPTURE_AUTORELEASING = YES;
				CLANG_WARN_BOOL_CONVERSION = YES;
				CLANG_WARN_COMMA = YES;
				CLANG_WARN_CONSTANT_CONVERSION = YES;
				CLANG_WARN_DEPRECATED_OBJC_IMPLEMENTATIONS = YES;
				CLANG_WARN_DIRECT_OBJC_ISA_USAGE = YES_ERROR;
				CLANG_WARN_DOCUMENTATION_COMMENTS = YES;
				CLANG_WARN_EMPTY_BODY = YES;
				CLANG_WARN_ENUM_CONVERSION = YES;
				CLANG_WARN_INFINITE_RECURSION = YES;
				CLANG_WARN_INT_CONVERSION = YES;
				CLANG_WARN_NON_LITERAL_NULL_CONVERSION = YES;
				CLANG_WARN_OBJC_IMPLICIT_RETAIN_SELF = YES;
				CLANG_WARN_OBJC_LITERAL_CONVERSION = YES;
				CLANG_WARN_OBJC_ROOT_CLASS = YES_ERROR;
				CLANG_WARN_QUOTED_INCLUDE_IN_FRAMEWORK_HEADER = YES;
				CLANG_WARN_RANGE_LOOP_ANALYSIS = YES;
				CLANG_WARN_STRICT_PROTOTYPES = YES;
				CLANG_WARN_SUSPICIOUS_MOVE = YES;
				CLANG_WARN_UNGUARDED_AVAILABILITY = YES_AGGRESSIVE;
				CLANG_WARN_UNREACHABLE_CODE = YES;
				CLANG_WARN__DUPLICATE_METHOD_MATCH = YES;
				COPY_PHASE_STRIP = NO;
				DEBUG_INFORMATION_FORMAT = dwarf;
				ENABLE_STRICT_OBJC_MSGSEND = YES;
				ENABLE_TESTABILITY = YES;
				GCC_C_LANGUAGE_STANDARD = gnu11;
				GCC_DYNAMIC_NO_PIC = NO;
				GCC_NO_COMMON_BLOCKS = YES;
				GCC_OPTIMIZATION_LEVEL = 0;
				GCC_PREPROCESSOR_DEFINITIONS = (
					"DEBUG=1",
					"$(inherited)",
				);
				GCC_WARN_64_TO_32_BIT_CONVERSION = YES;
				GCC_WARN_ABOUT_RETURN_TYPE = YES_ERROR;
				GCC_WARN_UNDECLARED_SELECTOR = YES;
				GCC_WARN_UNINITIALIZED_AUTOS = YES_AGGRESSIVE;
				GCC_WARN_UNUSED_FUNCTION = YES;
				GCC_WARN_UNUSED_VARIABLE = YES;
				IPHONEOS_DEPLOYMENT_TARGET = 15.0;
				MTL_ENABLE_DEBUG_INFO = INCLUDE_SOURCE;
				MTL_FAST_MATH = YES;
				ONLY_ACTIVE_ARCH = YES;
				SDKROOT = iphoneos;
				SWIFT_ACTIVE_COMPILATION_CONDITIONS = DEBUG;
				SWIFT_OPTIMIZATION_LEVEL = "-Onone";
			};
			name = Debug;
		};
		4487DD0427C336A400961F08 /* Release */ = {
			isa = XCBuildConfiguration;
			buildSettings = {
				ALWAYS_SEARCH_USER_PATHS = NO;
				CLANG_ANALYZER_NONNULL = YES;
				CLANG_ANALYZER_NUMBER_OBJECT_CONVERSION = YES_AGGRESSIVE;
				CLANG_CXX_LANGUAGE_STANDARD = "gnu++17";
				CLANG_CXX_LIBRARY = "libc++";
				CLANG_ENABLE_MODULES = YES;
				CLANG_ENABLE_OBJC_ARC = YES;
				CLANG_ENABLE_OBJC_WEAK = YES;
				CLANG_WARN_BLOCK_CAPTURE_AUTORELEASING = YES;
				CLANG_WARN_BOOL_CONVERSION = YES;
				CLANG_WARN_COMMA = YES;
				CLANG_WARN_CONSTANT_CONVERSION = YES;
				CLANG_WARN_DEPRECATED_OBJC_IMPLEMENTATIONS = YES;
				CLANG_WARN_DIRECT_OBJC_ISA_USAGE = YES_ERROR;
				CLANG_WARN_DOCUMENTATION_COMMENTS = YES;
				CLANG_WARN_EMPTY_BODY = YES;
				CLANG_WARN_ENUM_CONVERSION = YES;
				CLANG_WARN_INFINITE_RECURSION = YES;
				CLANG_WARN_INT_CONVERSION = YES;
				CLANG_WARN_NON_LITERAL_NULL_CONVERSION = YES;
				CLANG_WARN_OBJC_IMPLICIT_RETAIN_SELF = YES;
				CLANG_WARN_OBJC_LITERAL_CONVERSION = YES;
				CLANG_WARN_OBJC_ROOT_CLASS = YES_ERROR;
				CLANG_WARN_QUOTED_INCLUDE_IN_FRAMEWORK_HEADER = YES;
				CLANG_WARN_RANGE_LOOP_ANALYSIS = YES;
				CLANG_WARN_STRICT_PROTOTYPES = YES;
				CLANG_WARN_SUSPICIOUS_MOVE = YES;
				CLANG_WARN_UNGUARDED_AVAILABILITY = YES_AGGRESSIVE;
				CLANG_WARN_UNREACHABLE_CODE = YES;
				CLANG_WARN__DUPLICATE_METHOD_MATCH = YES;
				COPY_PHASE_STRIP = NO;
				DEBUG_INFORMATION_FORMAT = "dwarf-with-dsym";
				ENABLE_NS_ASSERTIONS = NO;
				ENABLE_STRICT_OBJC_MSGSEND = YES;
				GCC_C_LANGUAGE_STANDARD = gnu11;
				GCC_NO_COMMON_BLOCKS = YES;
				GCC_WARN_64_TO_32_BIT_CONVERSION = YES;
				GCC_WARN_ABOUT_RETURN_TYPE = YES_ERROR;
				GCC_WARN_UNDECLARED_SELECTOR = YES;
				GCC_WARN_UNINITIALIZED_AUTOS = YES_AGGRESSIVE;
				GCC_WARN_UNUSED_FUNCTION = YES;
				GCC_WARN_UNUSED_VARIABLE = YES;
				IPHONEOS_DEPLOYMENT_TARGET = 15.0;
				MTL_ENABLE_DEBUG_INFO = NO;
				MTL_FAST_MATH = YES;
				SDKROOT = iphoneos;
				SWIFT_COMPILATION_MODE = wholemodule;
				SWIFT_OPTIMIZATION_LEVEL = "-O";
				VALIDATE_PRODUCT = YES;
			};
			name = Release;
		};
		4487DD0627C336A400961F08 /* Debug */ = {
			isa = XCBuildConfiguration;
			buildSettings = {
				ASSETCATALOG_COMPILER_APPICON_NAME = AppIcon;
				ASSETCATALOG_COMPILER_GLOBAL_ACCENT_COLOR_NAME = AccentColor;
				CODE_SIGN_STYLE = Automatic;
				CURRENT_PROJECT_VERSION = 1;
				DEVELOPMENT_TEAM = J4RA7TUH8H;
				GENERATE_INFOPLIST_FILE = YES;
				INFOPLIST_FILE = Risuto/Resources/Properties/Info.plist;
				INFOPLIST_KEY_UIApplicationSupportsIndirectInputEvents = YES;
				INFOPLIST_KEY_UILaunchStoryboardName = LaunchScreen;
				INFOPLIST_KEY_UISupportedInterfaceOrientations_iPad = "UIInterfaceOrientationPortrait UIInterfaceOrientationPortraitUpsideDown UIInterfaceOrientationLandscapeLeft UIInterfaceOrientationLandscapeRight";
				INFOPLIST_KEY_UISupportedInterfaceOrientations_iPhone = "UIInterfaceOrientationPortrait UIInterfaceOrientationLandscapeLeft UIInterfaceOrientationLandscapeRight";
				LD_RUNPATH_SEARCH_PATHS = (
					"$(inherited)",
					"@executable_path/Frameworks",
				);
				MARKETING_VERSION = 1.0;
				PRODUCT_BUNDLE_IDENTIFIER = com.helfens.Risuto;
				PRODUCT_NAME = "$(TARGET_NAME)";
				SWIFT_EMIT_LOC_STRINGS = YES;
				SWIFT_VERSION = 5.0;
				TARGETED_DEVICE_FAMILY = "1,2";
			};
			name = Debug;
		};
		4487DD0727C336A400961F08 /* Release */ = {
			isa = XCBuildConfiguration;
			buildSettings = {
				ASSETCATALOG_COMPILER_APPICON_NAME = AppIcon;
				ASSETCATALOG_COMPILER_GLOBAL_ACCENT_COLOR_NAME = AccentColor;
				CODE_SIGN_STYLE = Automatic;
				CURRENT_PROJECT_VERSION = 1;
				DEVELOPMENT_TEAM = J4RA7TUH8H;
				GENERATE_INFOPLIST_FILE = YES;
				INFOPLIST_FILE = Risuto/Resources/Properties/Info.plist;
				INFOPLIST_KEY_UIApplicationSupportsIndirectInputEvents = YES;
				INFOPLIST_KEY_UILaunchStoryboardName = LaunchScreen;
				INFOPLIST_KEY_UISupportedInterfaceOrientations_iPad = "UIInterfaceOrientationPortrait UIInterfaceOrientationPortraitUpsideDown UIInterfaceOrientationLandscapeLeft UIInterfaceOrientationLandscapeRight";
				INFOPLIST_KEY_UISupportedInterfaceOrientations_iPhone = "UIInterfaceOrientationPortrait UIInterfaceOrientationLandscapeLeft UIInterfaceOrientationLandscapeRight";
				LD_RUNPATH_SEARCH_PATHS = (
					"$(inherited)",
					"@executable_path/Frameworks",
				);
				MARKETING_VERSION = 1.0;
				PRODUCT_BUNDLE_IDENTIFIER = com.helfens.Risuto;
				PRODUCT_NAME = "$(TARGET_NAME)";
				SWIFT_EMIT_LOC_STRINGS = YES;
				SWIFT_VERSION = 5.0;
				TARGETED_DEVICE_FAMILY = "1,2";
			};
			name = Release;
		};
/* End XCBuildConfiguration section */

/* Begin XCConfigurationList section */
		4487DCEC27C336A300961F08 /* Build configuration list for PBXProject "Risuto" */ = {
			isa = XCConfigurationList;
			buildConfigurations = (
				4487DD0327C336A400961F08 /* Debug */,
				4487DD0427C336A400961F08 /* Release */,
			);
			defaultConfigurationIsVisible = 0;
			defaultConfigurationName = Release;
		};
		4487DD0527C336A400961F08 /* Build configuration list for PBXNativeTarget "Risuto" */ = {
			isa = XCConfigurationList;
			buildConfigurations = (
				4487DD0627C336A400961F08 /* Debug */,
				4487DD0727C336A400961F08 /* Release */,
			);
			defaultConfigurationIsVisible = 0;
			defaultConfigurationName = Release;
		};
/* End XCConfigurationList section */
	};
	rootObject = 4487DCE927C336A300961F08 /* Project object */;
}
