// !$*UTF8*$!
{
	archiveVersion = 1;
	classes = {
	};
	objectVersion = 55;
	objects = {

/* Begin PBXBuildFile section */
		444CAF2827C74B27006BB1D2 /* ListModule in Frameworks */ = {isa = PBXBuildFile; productRef = 444CAF2727C74B27006BB1D2 /* ListModule */; };
		4487DCF527C336A300961F08 /* AppDelegate.swift in Sources */ = {isa = PBXBuildFile; fileRef = 4487DCF427C336A300961F08 /* AppDelegate.swift */; };
		4487DCFE27C336A400961F08 /* Assets.xcassets in Resources */ = {isa = PBXBuildFile; fileRef = 4487DCFD27C336A400961F08 /* Assets.xcassets */; };
		4487DD0127C336A400961F08 /* LaunchScreen.storyboard in Resources */ = {isa = PBXBuildFile; fileRef = 4487DCFF27C336A400961F08 /* LaunchScreen.storyboard */; };
		44910CED27C575A40075EB7B /* AppRouter.swift in Sources */ = {isa = PBXBuildFile; fileRef = 44910CEC27C575A40075EB7B /* AppRouter.swift */; };
		44FB42BA27C863330052CE8B /* PeopleItemViewCell.swift in Sources */ = {isa = PBXBuildFile; fileRef = 44FB42B927C863330052CE8B /* PeopleItemViewCell.swift */; };
		44FB42BC27C8633D0052CE8B /* LocationItemViewCell.swift in Sources */ = {isa = PBXBuildFile; fileRef = 44FB42BB27C8633D0052CE8B /* LocationItemViewCell.swift */; };
		44FB42BE27C863480052CE8B /* SpecieItemViewCell.swift in Sources */ = {isa = PBXBuildFile; fileRef = 44FB42BD27C863480052CE8B /* SpecieItemViewCell.swift */; };
		44FB42C027C8635A0052CE8B /* VehicleItemViewCell.swift in Sources */ = {isa = PBXBuildFile; fileRef = 44FB42BF27C8635A0052CE8B /* VehicleItemViewCell.swift */; };
		44FB42C827C8A8A20052CE8B /* RisutoTests.swift in Sources */ = {isa = PBXBuildFile; fileRef = 44FB42C727C8A8A20052CE8B /* RisutoTests.swift */; };
		44FB42CF27C8A9480052CE8B /* FilmItemViewCellTests.swift in Sources */ = {isa = PBXBuildFile; fileRef = 44FB42CE27C8A9480052CE8B /* FilmItemViewCellTests.swift */; };
		44FB42D127C8AD5A0052CE8B /* PeopleItemViewCellTests.swift in Sources */ = {isa = PBXBuildFile; fileRef = 44FB42D027C8AD5A0052CE8B /* PeopleItemViewCellTests.swift */; };
		44FB42D327C8AD6A0052CE8B /* LocationItemViewCellTests.swift in Sources */ = {isa = PBXBuildFile; fileRef = 44FB42D227C8AD6A0052CE8B /* LocationItemViewCellTests.swift */; };
		44FB42D527C8AD730052CE8B /* SpecieItemViewCellTests.swift in Sources */ = {isa = PBXBuildFile; fileRef = 44FB42D427C8AD730052CE8B /* SpecieItemViewCellTests.swift */; };
		44FB42D727C8AD870052CE8B /* VehicleItemViewCellTests.swift in Sources */ = {isa = PBXBuildFile; fileRef = 44FB42D627C8AD870052CE8B /* VehicleItemViewCellTests.swift */; };
		44FB42D927C8AEAD0052CE8B /* AppRouterTests.swift in Sources */ = {isa = PBXBuildFile; fileRef = 44FB42D827C8AEAD0052CE8B /* AppRouterTests.swift */; };
		44FBA5EF27C81E5D00164949 /* CategoryItemViewCell.swift in Sources */ = {isa = PBXBuildFile; fileRef = 44FBA5EE27C81E5D00164949 /* CategoryItemViewCell.swift */; };
		44FBA5F127C81E7E00164949 /* FilmItemViewCell.swift in Sources */ = {isa = PBXBuildFile; fileRef = 44FBA5F027C81E7E00164949 /* FilmItemViewCell.swift */; };
		44FBA5F427C82C7D00164949 /* URLSession+NetworkSessionRequest.swift in Sources */ = {isa = PBXBuildFile; fileRef = 44FBA5F327C82C7D00164949 /* URLSession+NetworkSessionRequest.swift */; };
		44FBA5F927C83A8F00164949 /* Category.swift in Sources */ = {isa = PBXBuildFile; fileRef = 44FBA5F827C83A8F00164949 /* Category.swift */; };
		44FBA5FB27C83CAC00164949 /* Network in Frameworks */ = {isa = PBXBuildFile; productRef = 44FBA5FA27C83CAC00164949 /* Network */; };
		44FBA5FD27C83CC000164949 /* Models in Frameworks */ = {isa = PBXBuildFile; productRef = 44FBA5FC27C83CC000164949 /* Models */; };
/* End PBXBuildFile section */

/* Begin PBXContainerItemProxy section */
		44FB42C927C8A8A20052CE8B /* PBXContainerItemProxy */ = {
			isa = PBXContainerItemProxy;
			containerPortal = 4487DCE927C336A300961F08 /* Project object */;
			proxyType = 1;
			remoteGlobalIDString = 4487DCF027C336A300961F08;
			remoteInfo = Risuto;
		};
/* End PBXContainerItemProxy section */

/* Begin PBXFileReference section */
		4487DCF127C336A300961F08 /* Risuto.app */ = {isa = PBXFileReference; explicitFileType = wrapper.application; includeInIndex = 0; path = Risuto.app; sourceTree = BUILT_PRODUCTS_DIR; };
		4487DCF427C336A300961F08 /* AppDelegate.swift */ = {isa = PBXFileReference; lastKnownFileType = sourcecode.swift; path = AppDelegate.swift; sourceTree = "<group>"; };
		4487DCFD27C336A400961F08 /* Assets.xcassets */ = {isa = PBXFileReference; lastKnownFileType = folder.assetcatalog; path = Assets.xcassets; sourceTree = "<group>"; };
		4487DD0027C336A400961F08 /* Base */ = {isa = PBXFileReference; lastKnownFileType = file.storyboard; name = Base; path = Base.lproj/LaunchScreen.storyboard; sourceTree = "<group>"; };
		4487DD0227C336A400961F08 /* Info.plist */ = {isa = PBXFileReference; lastKnownFileType = text.plist.xml; path = Info.plist; sourceTree = "<group>"; };
		44910CEC27C575A40075EB7B /* AppRouter.swift */ = {isa = PBXFileReference; lastKnownFileType = sourcecode.swift; path = AppRouter.swift; sourceTree = "<group>"; };
		44FB42B927C863330052CE8B /* PeopleItemViewCell.swift */ = {isa = PBXFileReference; lastKnownFileType = sourcecode.swift; path = PeopleItemViewCell.swift; sourceTree = "<group>"; };
		44FB42BB27C8633D0052CE8B /* LocationItemViewCell.swift */ = {isa = PBXFileReference; lastKnownFileType = sourcecode.swift; path = LocationItemViewCell.swift; sourceTree = "<group>"; };
		44FB42BD27C863480052CE8B /* SpecieItemViewCell.swift */ = {isa = PBXFileReference; lastKnownFileType = sourcecode.swift; path = SpecieItemViewCell.swift; sourceTree = "<group>"; };
		44FB42BF27C8635A0052CE8B /* VehicleItemViewCell.swift */ = {isa = PBXFileReference; lastKnownFileType = sourcecode.swift; path = VehicleItemViewCell.swift; sourceTree = "<group>"; };
		44FB42C527C8A8A20052CE8B /* RisutoTests.xctest */ = {isa = PBXFileReference; explicitFileType = wrapper.cfbundle; includeInIndex = 0; path = RisutoTests.xctest; sourceTree = BUILT_PRODUCTS_DIR; };
		44FB42C727C8A8A20052CE8B /* RisutoTests.swift */ = {isa = PBXFileReference; lastKnownFileType = sourcecode.swift; path = RisutoTests.swift; sourceTree = "<group>"; };
		44FB42CE27C8A9480052CE8B /* FilmItemViewCellTests.swift */ = {isa = PBXFileReference; lastKnownFileType = sourcecode.swift; path = FilmItemViewCellTests.swift; sourceTree = "<group>"; };
		44FB42D027C8AD5A0052CE8B /* PeopleItemViewCellTests.swift */ = {isa = PBXFileReference; lastKnownFileType = sourcecode.swift; path = PeopleItemViewCellTests.swift; sourceTree = "<group>"; };
		44FB42D227C8AD6A0052CE8B /* LocationItemViewCellTests.swift */ = {isa = PBXFileReference; lastKnownFileType = sourcecode.swift; path = LocationItemViewCellTests.swift; sourceTree = "<group>"; };
		44FB42D427C8AD730052CE8B /* SpecieItemViewCellTests.swift */ = {isa = PBXFileReference; lastKnownFileType = sourcecode.swift; path = SpecieItemViewCellTests.swift; sourceTree = "<group>"; };
		44FB42D627C8AD870052CE8B /* VehicleItemViewCellTests.swift */ = {isa = PBXFileReference; lastKnownFileType = sourcecode.swift; path = VehicleItemViewCellTests.swift; sourceTree = "<group>"; };
		44FB42D827C8AEAD0052CE8B /* AppRouterTests.swift */ = {isa = PBXFileReference; lastKnownFileType = sourcecode.swift; path = AppRouterTests.swift; sourceTree = "<group>"; };
		44FBA5EE27C81E5D00164949 /* CategoryItemViewCell.swift */ = {isa = PBXFileReference; lastKnownFileType = sourcecode.swift; path = CategoryItemViewCell.swift; sourceTree = "<group>"; };
		44FBA5F027C81E7E00164949 /* FilmItemViewCell.swift */ = {isa = PBXFileReference; lastKnownFileType = sourcecode.swift; path = FilmItemViewCell.swift; sourceTree = "<group>"; };
		44FBA5F327C82C7D00164949 /* URLSession+NetworkSessionRequest.swift */ = {isa = PBXFileReference; lastKnownFileType = sourcecode.swift; path = "URLSession+NetworkSessionRequest.swift"; sourceTree = "<group>"; };
		44FBA5F827C83A8F00164949 /* Category.swift */ = {isa = PBXFileReference; lastKnownFileType = sourcecode.swift; path = Category.swift; sourceTree = "<group>"; };
/* End PBXFileReference section */

/* Begin PBXFrameworksBuildPhase section */
		4487DCEE27C336A300961F08 /* Frameworks */ = {
			isa = PBXFrameworksBuildPhase;
			buildActionMask = 2147483647;
			files = (
				44FBA5FD27C83CC000164949 /* Models in Frameworks */,
				444CAF2827C74B27006BB1D2 /* ListModule in Frameworks */,
				44FBA5FB27C83CAC00164949 /* Network in Frameworks */,
			);
			runOnlyForDeploymentPostprocessing = 0;
		};
		44FB42C227C8A8A20052CE8B /* Frameworks */ = {
			isa = PBXFrameworksBuildPhase;
			buildActionMask = 2147483647;
			files = (
			);
			runOnlyForDeploymentPostprocessing = 0;
		};
/* End PBXFrameworksBuildPhase section */

/* Begin PBXGroup section */
		440D507B27C336E5002B377C /* Sources */ = {
			isa = PBXGroup;
			children = (
				44FBA5F727C83A8600164949 /* Models */,
				44FBA5F227C82C6C00164949 /* Network */,
				44FBA5EC27C81E3A00164949 /* UI */,
				440D508027C3371F002B377C /* Application */,
			);
			path = Sources;
			sourceTree = "<group>";
		};
		440D507C27C336E9002B377C /* Resources */ = {
			isa = PBXGroup;
			children = (
				440D507F27C33710002B377C /* Assets */,
				440D507E27C33702002B377C /* Storyboards */,
				440D507D27C336FE002B377C /* Properties */,
			);
			path = Resources;
			sourceTree = "<group>";
		};
		440D507D27C336FE002B377C /* Properties */ = {
			isa = PBXGroup;
			children = (
				4487DD0227C336A400961F08 /* Info.plist */,
			);
			path = Properties;
			sourceTree = "<group>";
		};
		440D507E27C33702002B377C /* Storyboards */ = {
			isa = PBXGroup;
			children = (
				4487DCFF27C336A400961F08 /* LaunchScreen.storyboard */,
			);
			path = Storyboards;
			sourceTree = "<group>";
		};
		440D507F27C33710002B377C /* Assets */ = {
			isa = PBXGroup;
			children = (
				4487DCFD27C336A400961F08 /* Assets.xcassets */,
			);
			path = Assets;
			sourceTree = "<group>";
		};
		440D508027C3371F002B377C /* Application */ = {
			isa = PBXGroup;
			children = (
				4487DCF427C336A300961F08 /* AppDelegate.swift */,
				44910CEC27C575A40075EB7B /* AppRouter.swift */,
			);
			path = Application;
			sourceTree = "<group>";
		};
		4487DCE827C336A300961F08 = {
			isa = PBXGroup;
			children = (
				4487DCF327C336A300961F08 /* Risuto */,
				44FB42C627C8A8A20052CE8B /* RisutoTests */,
				4487DCF227C336A300961F08 /* Products */,
				44910CFD27C58F040075EB7B /* Frameworks */,
			);
			sourceTree = "<group>";
		};
		4487DCF227C336A300961F08 /* Products */ = {
			isa = PBXGroup;
			children = (
				4487DCF127C336A300961F08 /* Risuto.app */,
				44FB42C527C8A8A20052CE8B /* RisutoTests.xctest */,
			);
			name = Products;
			sourceTree = "<group>";
		};
		4487DCF327C336A300961F08 /* Risuto */ = {
			isa = PBXGroup;
			children = (
				440D507C27C336E9002B377C /* Resources */,
				440D507B27C336E5002B377C /* Sources */,
			);
			path = Risuto;
			sourceTree = "<group>";
		};
		44910CFD27C58F040075EB7B /* Frameworks */ = {
			isa = PBXGroup;
			children = (
			);
			name = Frameworks;
			sourceTree = "<group>";
		};
		44FB42C627C8A8A20052CE8B /* RisutoTests */ = {
			isa = PBXGroup;
			children = (
				44FB42C727C8A8A20052CE8B /* RisutoTests.swift */,
				44FB42CE27C8A9480052CE8B /* FilmItemViewCellTests.swift */,
				44FB42D027C8AD5A0052CE8B /* PeopleItemViewCellTests.swift */,
				44FB42D227C8AD6A0052CE8B /* LocationItemViewCellTests.swift */,
				44FB42D427C8AD730052CE8B /* SpecieItemViewCellTests.swift */,
				44FB42D627C8AD870052CE8B /* VehicleItemViewCellTests.swift */,
				44FB42D827C8AEAD0052CE8B /* AppRouterTests.swift */,
			);
			path = RisutoTests;
			sourceTree = "<group>";
		};
		44FBA5EC27C81E3A00164949 /* UI */ = {
			isa = PBXGroup;
			children = (
				44FBA5ED27C81E4900164949 /* ListCells */,
			);
			path = UI;
			sourceTree = "<group>";
		};
		44FBA5ED27C81E4900164949 /* ListCells */ = {
			isa = PBXGroup;
			children = (
				44FBA5EE27C81E5D00164949 /* CategoryItemViewCell.swift */,
				44FBA5F027C81E7E00164949 /* FilmItemViewCell.swift */,
				44FB42B927C863330052CE8B /* PeopleItemViewCell.swift */,
				44FB42BB27C8633D0052CE8B /* LocationItemViewCell.swift */,
				44FB42BD27C863480052CE8B /* SpecieItemViewCell.swift */,
				44FB42BF27C8635A0052CE8B /* VehicleItemViewCell.swift */,
			);
			path = ListCells;
			sourceTree = "<group>";
		};
		44FBA5F227C82C6C00164949 /* Network */ = {
			isa = PBXGroup;
			children = (
				44FBA5F327C82C7D00164949 /* URLSession+NetworkSessionRequest.swift */,
			);
			path = Network;
			sourceTree = "<group>";
		};
		44FBA5F727C83A8600164949 /* Models */ = {
			isa = PBXGroup;
			children = (
				44FBA5F827C83A8F00164949 /* Category.swift */,
			);
			path = Models;
			sourceTree = "<group>";
		};
/* End PBXGroup section */

/* Begin PBXNativeTarget section */
		4487DCF027C336A300961F08 /* Risuto */ = {
			isa = PBXNativeTarget;
			buildConfigurationList = 4487DD0527C336A400961F08 /* Build configuration list for PBXNativeTarget "Risuto" */;
			buildPhases = (
				4487DCED27C336A300961F08 /* Sources */,
				4487DCEE27C336A300961F08 /* Frameworks */,
				4487DCEF27C336A300961F08 /* Resources */,
			);
			buildRules = (
			);
			dependencies = (
			);
			name = Risuto;
			packageProductDependencies = (
				444CAF2727C74B27006BB1D2 /* ListModule */,
				44FBA5FA27C83CAC00164949 /* Network */,
				44FBA5FC27C83CC000164949 /* Models */,
			);
			productName = Risuto;
			productReference = 4487DCF127C336A300961F08 /* Risuto.app */;
			productType = "com.apple.product-type.application";
		};
		44FB42C427C8A8A20052CE8B /* RisutoTests */ = {
			isa = PBXNativeTarget;
			buildConfigurationList = 44FB42CB27C8A8A20052CE8B /* Build configuration list for PBXNativeTarget "RisutoTests" */;
			buildPhases = (
				44FB42C127C8A8A20052CE8B /* Sources */,
				44FB42C227C8A8A20052CE8B /* Frameworks */,
				44FB42C327C8A8A20052CE8B /* Resources */,
			);
			buildRules = (
			);
			dependencies = (
				44FB42CA27C8A8A20052CE8B /* PBXTargetDependency */,
			);
			name = RisutoTests;
			productName = RisutoTests;
			productReference = 44FB42C527C8A8A20052CE8B /* RisutoTests.xctest */;
			productType = "com.apple.product-type.bundle.unit-test";
		};
/* End PBXNativeTarget section */

/* Begin PBXProject section */
		4487DCE927C336A300961F08 /* Project object */ = {
			isa = PBXProject;
			attributes = {
				BuildIndependentTargetsInParallel = 1;
				LastSwiftUpdateCheck = 1310;
				LastUpgradeCheck = 1310;
				TargetAttributes = {
					4487DCF027C336A300961F08 = {
						CreatedOnToolsVersion = 13.1;
					};
					44FB42C427C8A8A20052CE8B = {
						CreatedOnToolsVersion = 13.1;
						TestTargetID = 4487DCF027C336A300961F08;
					};
				};
			};
			buildConfigurationList = 4487DCEC27C336A300961F08 /* Build configuration list for PBXProject "Risuto" */;
			compatibilityVersion = "Xcode 13.0";
			developmentRegion = en;
			hasScannedForEncodings = 0;
			knownRegions = (
				en,
				Base,
			);
			mainGroup = 4487DCE827C336A300961F08;
			productRefGroup = 4487DCF227C336A300961F08 /* Products */;
			projectDirPath = "";
			projectRoot = "";
			targets = (
				4487DCF027C336A300961F08 /* Risuto */,
				44FB42C427C8A8A20052CE8B /* RisutoTests */,
			);
		};
/* End PBXProject section */

/* Begin PBXResourcesBuildPhase section */
		4487DCEF27C336A300961F08 /* Resources */ = {
			isa = PBXResourcesBuildPhase;
			buildActionMask = 2147483647;
			files = (
				4487DD0127C336A400961F08 /* LaunchScreen.storyboard in Resources */,
				4487DCFE27C336A400961F08 /* Assets.xcassets in Resources */,
			);
			runOnlyForDeploymentPostprocessing = 0;
		};
		44FB42C327C8A8A20052CE8B /* Resources */ = {
			isa = PBXResourcesBuildPhase;
			buildActionMask = 2147483647;
			files = (
			);
			runOnlyForDeploymentPostprocessing = 0;
		};
/* End PBXResourcesBuildPhase section */

/* Begin PBXSourcesBuildPhase section */
		4487DCED27C336A300961F08 /* Sources */ = {
			isa = PBXSourcesBuildPhase;
			buildActionMask = 2147483647;
			files = (
				44FB42BA27C863330052CE8B /* PeopleItemViewCell.swift in Sources */,
				44FBA5F127C81E7E00164949 /* FilmItemViewCell.swift in Sources */,
				44FB42C027C8635A0052CE8B /* VehicleItemViewCell.swift in Sources */,
				44FBA5F927C83A8F00164949 /* Category.swift in Sources */,
				44FB42BC27C8633D0052CE8B /* LocationItemViewCell.swift in Sources */,
				4487DCF527C336A300961F08 /* AppDelegate.swift in Sources */,
				44910CED27C575A40075EB7B /* AppRouter.swift in Sources */,
				44FBA5F427C82C7D00164949 /* URLSession+NetworkSessionRequest.swift in Sources */,
				44FB42BE27C863480052CE8B /* SpecieItemViewCell.swift in Sources */,
				44FBA5EF27C81E5D00164949 /* CategoryItemViewCell.swift in Sources */,
			);
			runOnlyForDeploymentPostprocessing = 0;
		};
		44FB42C127C8A8A20052CE8B /* Sources */ = {
			isa = PBXSourcesBuildPhase;
			buildActionMask = 2147483647;
			files = (
				44FB42D327C8AD6A0052CE8B /* LocationItemViewCellTests.swift in Sources */,
				44FB42D127C8AD5A0052CE8B /* PeopleItemViewCellTests.swift in Sources */,
				44FB42D727C8AD870052CE8B /* VehicleItemViewCellTests.swift in Sources */,
				44FB42C827C8A8A20052CE8B /* RisutoTests.swift in Sources */,
				44FB42CF27C8A9480052CE8B /* FilmItemViewCellTests.swift in Sources */,
				44FB42D927C8AEAD0052CE8B /* AppRouterTests.swift in Sources */,
				44FB42D527C8AD730052CE8B /* SpecieItemViewCellTests.swift in Sources */,
			);
			runOnlyForDeploymentPostprocessing = 0;
		};
/* End PBXSourcesBuildPhase section */

/* Begin PBXTargetDependency section */
		44FB42CA27C8A8A20052CE8B /* PBXTargetDependency */ = {
			isa = PBXTargetDependency;
			target = 4487DCF027C336A300961F08 /* Risuto */;
			targetProxy = 44FB42C927C8A8A20052CE8B /* PBXContainerItemProxy */;
		};
/* End PBXTargetDependency section */

/* Begin PBXVariantGroup section */
		4487DCFF27C336A400961F08 /* LaunchScreen.storyboard */ = {
			isa = PBXVariantGroup;
			children = (
				4487DD0027C336A400961F08 /* Base */,
			);
			name = LaunchScreen.storyboard;
			sourceTree = "<group>";
		};
/* End PBXVariantGroup section */

/* Begin XCBuildConfiguration section */
		4487DD0327C336A400961F08 /* Debug */ = {
			isa = XCBuildConfiguration;
			buildSettings = {
				ALWAYS_SEARCH_USER_PATHS = NO;
				CLANG_ANALYZER_NONNULL = YES;
				CLANG_ANALYZER_NUMBER_OBJECT_CONVERSION = YES_AGGRESSIVE;
				CLANG_CXX_LANGUAGE_STANDARD = "gnu++17";
				CLANG_CXX_LIBRARY = "libc++";
				CLANG_ENABLE_MODULES = YES;
				CLANG_ENABLE_OBJC_ARC = YES;
				CLANG_ENABLE_OBJC_WEAK = YES;
				CLANG_WARN_BLOCK_CAPTURE_AUTORELEASING = YES;
				CLANG_WARN_BOOL_CONVERSION = YES;
				CLANG_WARN_COMMA = YES;
				CLANG_WARN_CONSTANT_CONVERSION = YES;
				CLANG_WARN_DEPRECATED_OBJC_IMPLEMENTATIONS = YES;
				CLANG_WARN_DIRECT_OBJC_ISA_USAGE = YES_ERROR;
				CLANG_WARN_DOCUMENTATION_COMMENTS = YES;
				CLANG_WARN_EMPTY_BODY = YES;
				CLANG_WARN_ENUM_CONVERSION = YES;
				CLANG_WARN_INFINITE_RECURSION = YES;
				CLANG_WARN_INT_CONVERSION = YES;
				CLANG_WARN_NON_LITERAL_NULL_CONVERSION = YES;
				CLANG_WARN_OBJC_IMPLICIT_RETAIN_SELF = YES;
				CLANG_WARN_OBJC_LITERAL_CONVERSION = YES;
				CLANG_WARN_OBJC_ROOT_CLASS = YES_ERROR;
				CLANG_WARN_QUOTED_INCLUDE_IN_FRAMEWORK_HEADER = YES;
				CLANG_WARN_RANGE_LOOP_ANALYSIS = YES;
				CLANG_WARN_STRICT_PROTOTYPES = YES;
				CLANG_WARN_SUSPICIOUS_MOVE = YES;
				CLANG_WARN_UNGUARDED_AVAILABILITY = YES_AGGRESSIVE;
				CLANG_WARN_UNREACHABLE_CODE = YES;
				CLANG_WARN__DUPLICATE_METHOD_MATCH = YES;
				COPY_PHASE_STRIP = NO;
				DEBUG_INFORMATION_FORMAT = dwarf;
				ENABLE_STRICT_OBJC_MSGSEND = YES;
				ENABLE_TESTABILITY = YES;
				GCC_C_LANGUAGE_STANDARD = gnu11;
				GCC_DYNAMIC_NO_PIC = NO;
				GCC_NO_COMMON_BLOCKS = YES;
				GCC_OPTIMIZATION_LEVEL = 0;
				GCC_PREPROCESSOR_DEFINITIONS = (
					"DEBUG=1",
					"$(inherited)",
				);
				GCC_WARN_64_TO_32_BIT_CONVERSION = YES;
				GCC_WARN_ABOUT_RETURN_TYPE = YES_ERROR;
				GCC_WARN_UNDECLARED_SELECTOR = YES;
				GCC_WARN_UNINITIALIZED_AUTOS = YES_AGGRESSIVE;
				GCC_WARN_UNUSED_FUNCTION = YES;
				GCC_WARN_UNUSED_VARIABLE = YES;
				IPHONEOS_DEPLOYMENT_TARGET = 15.0;
				MTL_ENABLE_DEBUG_INFO = INCLUDE_SOURCE;
				MTL_FAST_MATH = YES;
				ONLY_ACTIVE_ARCH = YES;
				SDKROOT = iphoneos;
				SWIFT_ACTIVE_COMPILATION_CONDITIONS = DEBUG;
				SWIFT_OPTIMIZATION_LEVEL = "-Onone";
			};
			name = Debug;
		};
		4487DD0427C336A400961F08 /* Release */ = {
			isa = XCBuildConfiguration;
			buildSettings = {
				ALWAYS_SEARCH_USER_PATHS = NO;
				CLANG_ANALYZER_NONNULL = YES;
				CLANG_ANALYZER_NUMBER_OBJECT_CONVERSION = YES_AGGRESSIVE;
				CLANG_CXX_LANGUAGE_STANDARD = "gnu++17";
				CLANG_CXX_LIBRARY = "libc++";
				CLANG_ENABLE_MODULES = YES;
				CLANG_ENABLE_OBJC_ARC = YES;
				CLANG_ENABLE_OBJC_WEAK = YES;
				CLANG_WARN_BLOCK_CAPTURE_AUTORELEASING = YES;
				CLANG_WARN_BOOL_CONVERSION = YES;
				CLANG_WARN_COMMA = YES;
				CLANG_WARN_CONSTANT_CONVERSION = YES;
				CLANG_WARN_DEPRECATED_OBJC_IMPLEMENTATIONS = YES;
				CLANG_WARN_DIRECT_OBJC_ISA_USAGE = YES_ERROR;
				CLANG_WARN_DOCUMENTATION_COMMENTS = YES;
				CLANG_WARN_EMPTY_BODY = YES;
				CLANG_WARN_ENUM_CONVERSION = YES;
				CLANG_WARN_INFINITE_RECURSION = YES;
				CLANG_WARN_INT_CONVERSION = YES;
				CLANG_WARN_NON_LITERAL_NULL_CONVERSION = YES;
				CLANG_WARN_OBJC_IMPLICIT_RETAIN_SELF = YES;
				CLANG_WARN_OBJC_LITERAL_CONVERSION = YES;
				CLANG_WARN_OBJC_ROOT_CLASS = YES_ERROR;
				CLANG_WARN_QUOTED_INCLUDE_IN_FRAMEWORK_HEADER = YES;
				CLANG_WARN_RANGE_LOOP_ANALYSIS = YES;
				CLANG_WARN_STRICT_PROTOTYPES = YES;
				CLANG_WARN_SUSPICIOUS_MOVE = YES;
				CLANG_WARN_UNGUARDED_AVAILABILITY = YES_AGGRESSIVE;
				CLANG_WARN_UNREACHABLE_CODE = YES;
				CLANG_WARN__DUPLICATE_METHOD_MATCH = YES;
				COPY_PHASE_STRIP = NO;
				DEBUG_INFORMATION_FORMAT = "dwarf-with-dsym";
				ENABLE_NS_ASSERTIONS = NO;
				ENABLE_STRICT_OBJC_MSGSEND = YES;
				GCC_C_LANGUAGE_STANDARD = gnu11;
				GCC_NO_COMMON_BLOCKS = YES;
				GCC_WARN_64_TO_32_BIT_CONVERSION = YES;
				GCC_WARN_ABOUT_RETURN_TYPE = YES_ERROR;
				GCC_WARN_UNDECLARED_SELECTOR = YES;
				GCC_WARN_UNINITIALIZED_AUTOS = YES_AGGRESSIVE;
				GCC_WARN_UNUSED_FUNCTION = YES;
				GCC_WARN_UNUSED_VARIABLE = YES;
				IPHONEOS_DEPLOYMENT_TARGET = 15.0;
				MTL_ENABLE_DEBUG_INFO = NO;
				MTL_FAST_MATH = YES;
				SDKROOT = iphoneos;
				SWIFT_COMPILATION_MODE = wholemodule;
				SWIFT_OPTIMIZATION_LEVEL = "-O";
				VALIDATE_PRODUCT = YES;
			};
			name = Release;
		};
		4487DD0627C336A400961F08 /* Debug */ = {
			isa = XCBuildConfiguration;
			buildSettings = {
				ASSETCATALOG_COMPILER_APPICON_NAME = AppIcon;
				ASSETCATALOG_COMPILER_GLOBAL_ACCENT_COLOR_NAME = AccentColor;
				CODE_SIGN_STYLE = Automatic;
				CURRENT_PROJECT_VERSION = 1;
				DEVELOPMENT_TEAM = J4RA7TUH8H;
				GENERATE_INFOPLIST_FILE = YES;
				INFOPLIST_FILE = Risuto/Resources/Properties/Info.plist;
				INFOPLIST_KEY_UIApplicationSupportsIndirectInputEvents = YES;
				INFOPLIST_KEY_UILaunchStoryboardName = LaunchScreen;
				INFOPLIST_KEY_UISupportedInterfaceOrientations_iPad = "UIInterfaceOrientationPortrait UIInterfaceOrientationPortraitUpsideDown UIInterfaceOrientationLandscapeLeft UIInterfaceOrientationLandscapeRight";
				INFOPLIST_KEY_UISupportedInterfaceOrientations_iPhone = "UIInterfaceOrientationPortrait UIInterfaceOrientationLandscapeLeft UIInterfaceOrientationLandscapeRight";
				LD_RUNPATH_SEARCH_PATHS = (
					"$(inherited)",
					"@executable_path/Frameworks",
				);
				MARKETING_VERSION = 1.0;
				PRODUCT_BUNDLE_IDENTIFIER = com.helfens.Risuto;
				PRODUCT_NAME = "$(TARGET_NAME)";
				SWIFT_EMIT_LOC_STRINGS = YES;
				SWIFT_VERSION = 5.0;
				TARGETED_DEVICE_FAMILY = "1,2";
			};
			name = Debug;
		};
		4487DD0727C336A400961F08 /* Release */ = {
			isa = XCBuildConfiguration;
			buildSettings = {
				ASSETCATALOG_COMPILER_APPICON_NAME = AppIcon;
				ASSETCATALOG_COMPILER_GLOBAL_ACCENT_COLOR_NAME = AccentColor;
				CODE_SIGN_STYLE = Automatic;
				CURRENT_PROJECT_VERSION = 1;
				DEVELOPMENT_TEAM = J4RA7TUH8H;
				GENERATE_INFOPLIST_FILE = YES;
				INFOPLIST_FILE = Risuto/Resources/Properties/Info.plist;
				INFOPLIST_KEY_UIApplicationSupportsIndirectInputEvents = YES;
				INFOPLIST_KEY_UILaunchStoryboardName = LaunchScreen;
				INFOPLIST_KEY_UISupportedInterfaceOrientations_iPad = "UIInterfaceOrientationPortrait UIInterfaceOrientationPortraitUpsideDown UIInterfaceOrientationLandscapeLeft UIInterfaceOrientationLandscapeRight";
				INFOPLIST_KEY_UISupportedInterfaceOrientations_iPhone = "UIInterfaceOrientationPortrait UIInterfaceOrientationLandscapeLeft UIInterfaceOrientationLandscapeRight";
				LD_RUNPATH_SEARCH_PATHS = (
					"$(inherited)",
					"@executable_path/Frameworks",
				);
				MARKETING_VERSION = 1.0;
				PRODUCT_BUNDLE_IDENTIFIER = com.helfens.Risuto;
				PRODUCT_NAME = "$(TARGET_NAME)";
				SWIFT_EMIT_LOC_STRINGS = YES;
				SWIFT_VERSION = 5.0;
				TARGETED_DEVICE_FAMILY = "1,2";
			};
			name = Release;
		};
		44FB42CC27C8A8A20052CE8B /* Debug */ = {
			isa = XCBuildConfiguration;
			buildSettings = {
				BUNDLE_LOADER = "$(TEST_HOST)";
				CODE_SIGN_STYLE = Automatic;
				CURRENT_PROJECT_VERSION = 1;
				DEVELOPMENT_TEAM = J4RA7TUH8H;
				GENERATE_INFOPLIST_FILE = YES;
				LD_RUNPATH_SEARCH_PATHS = (
					"$(inherited)",
					"@executable_path/Frameworks",
					"@loader_path/Frameworks",
				);
				MARKETING_VERSION = 1.0;
				PRODUCT_BUNDLE_IDENTIFIER = com.helfens.RisutoTests;
				PRODUCT_NAME = "$(TARGET_NAME)";
				SWIFT_EMIT_LOC_STRINGS = NO;
				SWIFT_VERSION = 5.0;
				TARGETED_DEVICE_FAMILY = "1,2";
				TEST_HOST = "$(BUILT_PRODUCTS_DIR)/Risuto.app/Risuto";
			};
			name = Debug;
		};
		44FB42CD27C8A8A20052CE8B /* Release */ = {
			isa = XCBuildConfiguration;
			buildSettings = {
				BUNDLE_LOADER = "$(TEST_HOST)";
				CODE_SIGN_STYLE = Automatic;
				CURRENT_PROJECT_VERSION = 1;
				DEVELOPMENT_TEAM = J4RA7TUH8H;
				GENERATE_INFOPLIST_FILE = YES;
				LD_RUNPATH_SEARCH_PATHS = (
					"$(inherited)",
					"@executable_path/Frameworks",
					"@loader_path/Frameworks",
				);
				MARKETING_VERSION = 1.0;
				PRODUCT_BUNDLE_IDENTIFIER = com.helfens.RisutoTests;
				PRODUCT_NAME = "$(TARGET_NAME)";
				SWIFT_EMIT_LOC_STRINGS = NO;
				SWIFT_VERSION = 5.0;
				TARGETED_DEVICE_FAMILY = "1,2";
				TEST_HOST = "$(BUILT_PRODUCTS_DIR)/Risuto.app/Risuto";
			};
			name = Release;
		};
/* End XCBuildConfiguration section */

/* Begin XCConfigurationList section */
		4487DCEC27C336A300961F08 /* Build configuration list for PBXProject "Risuto" */ = {
			isa = XCConfigurationList;
			buildConfigurations = (
				4487DD0327C336A400961F08 /* Debug */,
				4487DD0427C336A400961F08 /* Release */,
			);
			defaultConfigurationIsVisible = 0;
			defaultConfigurationName = Release;
		};
		4487DD0527C336A400961F08 /* Build configuration list for PBXNativeTarget "Risuto" */ = {
			isa = XCConfigurationList;
			buildConfigurations = (
				4487DD0627C336A400961F08 /* Debug */,
				4487DD0727C336A400961F08 /* Release */,
			);
			defaultConfigurationIsVisible = 0;
			defaultConfigurationName = Release;
		};
		44FB42CB27C8A8A20052CE8B /* Build configuration list for PBXNativeTarget "RisutoTests" */ = {
			isa = XCConfigurationList;
			buildConfigurations = (
				44FB42CC27C8A8A20052CE8B /* Debug */,
				44FB42CD27C8A8A20052CE8B /* Release */,
			);
			defaultConfigurationIsVisible = 0;
			defaultConfigurationName = Release;
		};
/* End XCConfigurationList section */

/* Begin XCSwiftPackageProductDependency section */
		444CAF2727C74B27006BB1D2 /* ListModule */ = {
			isa = XCSwiftPackageProductDependency;
			productName = ListModule;
		};
		44FBA5FA27C83CAC00164949 /* Network */ = {
			isa = XCSwiftPackageProductDependency;
			productName = Network;
		};
		44FBA5FC27C83CC000164949 /* Models */ = {
			isa = XCSwiftPackageProductDependency;
			productName = Models;
		};
/* End XCSwiftPackageProductDependency section */
	};
	rootObject = 4487DCE927C336A300961F08 /* Project object */;
}
